
Microsoft Visual Studio Solution File, Format Version 12.00
# Visual Studio Version 17
VisualStudioVersion = 17.5.002.0
MinimumVisualStudioVersion = 10.0.40219.1
Project("{9A19103F-16F7-4668-BE54-9A1E7A4F7556}") = "Auctio.API", "Auctio.API\Auctio.API.csproj", "{881E0859-B8CA-4296-AFBA-55D27E04F6A6}"
EndProject
Project("{9A19103F-16F7-4668-BE54-9A1E7A4F7556}") = "Auctio.Persistense", "Auctio.Persistense\Auctio.Persistense.csproj", "{D63ECF76-6ECF-46CB-920C-27EF1A247D82}"
EndProject
Project("{9A19103F-16F7-4668-BE54-9A1E7A4F7556}") = "Auctio.Core", "Auctio.Core\Auctio.Core.csproj", "{356E022D-9239-4D83-80C6-8937FE978B6F}"
EndProject
Global
	GlobalSection(SolutionConfigurationPlatforms) = preSolution
		Debug|Any CPU = Debug|Any CPU
		Release|Any CPU = Release|Any CPU
	EndGlobalSection
	GlobalSection(ProjectConfigurationPlatforms) = postSolution
		{881E0859-B8CA-4296-AFBA-55D27E04F6A6}.Debug|Any CPU.ActiveCfg = Debug|Any CPU
		{881E0859-B8CA-4296-AFBA-55D27E04F6A6}.Debug|Any CPU.Build.0 = Debug|Any CPU
		{881E0859-B8CA-4296-AFBA-55D27E04F6A6}.Release|Any CPU.ActiveCfg = Release|Any CPU
		{881E0859-B8CA-4296-AFBA-55D27E04F6A6}.Release|Any CPU.Build.0 = Release|Any CPU
		{D63ECF76-6ECF-46CB-920C-27EF1A247D82}.Debug|Any CPU.ActiveCfg = Debug|Any CPU
		{D63ECF76-6ECF-46CB-920C-27EF1A247D82}.Debug|Any CPU.Build.0 = Debug|Any CPU
		{D63ECF76-6ECF-46CB-920C-27EF1A247D82}.Release|Any CPU.ActiveCfg = Release|Any CPU
		{D63ECF76-6ECF-46CB-920C-27EF1A247D82}.Release|Any CPU.Build.0 = Release|Any CPU
		{356E022D-9239-4D83-80C6-8937FE978B6F}.Debug|Any CPU.ActiveCfg = Debug|Any CPU
		{356E022D-9239-4D83-80C6-8937FE978B6F}.Debug|Any CPU.Build.0 = Debug|Any CPU
		{356E022D-9239-4D83-80C6-8937FE978B6F}.Release|Any CPU.ActiveCfg = Release|Any CPU
		{356E022D-9239-4D83-80C6-8937FE978B6F}.Release|Any CPU.Build.0 = Release|Any CPU
	EndGlobalSection
	GlobalSection(SolutionProperties) = preSolution
		HideSolutionNode = FALSE
	EndGlobalSection
	GlobalSection(ExtensibilityGlobals) = postSolution
		SolutionGuid = {A1CBC64E-E39D-4FC3-833B-86C66DAE2E86}
	EndGlobalSection
EndGlobal
