
Microsoft Visual Studio Solution File, Format Version 12.00
# Visual Studio Version 17
VisualStudioVersion = 17.5.002.0
MinimumVisualStudioVersion = 10.0.40219.1
Project("{9A19103F-16F7-4668-BE54-9A1E7A4F7556}") = "Manufacture", "Manufacture\Manufacture.csproj", "{06863D21-187E-4BEC-B2D0-26CAB5EAE9D2}"
EndProject
Project("{9A19103F-16F7-4668-BE54-9A1E7A4F7556}") = "StreamService", "StreamService\StreamService.csproj", "{F76698B5-3A36-41F9-A0D4-48CBA0DC18E1}"
EndProject
Project("{9A19103F-16F7-4668-BE54-9A1E7A4F7556}") = "253505_Azarov", "253505_Azarov\253505_Azarov.csproj", "{F9DD0BA3-A160-4756-A6FC-0E7CE9FDB8D9}"
EndProject
Global
	GlobalSection(SolutionConfigurationPlatforms) = preSolution
		Debug|Any CPU = Debug|Any CPU
		Release|Any CPU = Release|Any CPU
	EndGlobalSection
	GlobalSection(ProjectConfigurationPlatforms) = postSolution
		{06863D21-187E-4BEC-B2D0-26CAB5EAE9D2}.Debug|Any CPU.ActiveCfg = Debug|Any CPU
		{06863D21-187E-4BEC-B2D0-26CAB5EAE9D2}.Debug|Any CPU.Build.0 = Debug|Any CPU
		{06863D21-187E-4BEC-B2D0-26CAB5EAE9D2}.Release|Any CPU.ActiveCfg = Release|Any CPU
		{06863D21-187E-4BEC-B2D0-26CAB5EAE9D2}.Release|Any CPU.Build.0 = Release|Any CPU
		{F76698B5-3A36-41F9-A0D4-48CBA0DC18E1}.Debug|Any CPU.ActiveCfg = Debug|Any CPU
		{F76698B5-3A36-41F9-A0D4-48CBA0DC18E1}.Debug|Any CPU.Build.0 = Debug|Any CPU
		{F76698B5-3A36-41F9-A0D4-48CBA0DC18E1}.Release|Any CPU.ActiveCfg = Release|Any CPU
		{F76698B5-3A36-41F9-A0D4-48CBA0DC18E1}.Release|Any CPU.Build.0 = Release|Any CPU
		{F9DD0BA3-A160-4756-A6FC-0E7CE9FDB8D9}.Debug|Any CPU.ActiveCfg = Debug|Any CPU
		{F9DD0BA3-A160-4756-A6FC-0E7CE9FDB8D9}.Debug|Any CPU.Build.0 = Debug|Any CPU
		{F9DD0BA3-A160-4756-A6FC-0E7CE9FDB8D9}.Release|Any CPU.ActiveCfg = Release|Any CPU
		{F9DD0BA3-A160-4756-A6FC-0E7CE9FDB8D9}.Release|Any CPU.Build.0 = Release|Any CPU
	EndGlobalSection
	GlobalSection(SolutionProperties) = preSolution
		HideSolutionNode = FALSE
	EndGlobalSection
	GlobalSection(ExtensibilityGlobals) = postSolution
		SolutionGuid = {4D223F75-F3D5-41CF-AEE2-C06B850D5599}
	EndGlobalSection
EndGlobal
